<Project xmlns="http://schemas.microsoft.com/developer/msbuild/2003">
    <PropertyGroup>
        <Base>True</Base>
        <AppType>Application</AppType>
        <Config Condition="'$(Config)'==''">Debug</Config>
        <FrameworkType>VCL</FrameworkType>
        <MainSource>Advanced.dpr</MainSource>
        <Platform Condition="'$(Platform)'==''">Win32</Platform>
        <ProjectGuid>{E5FD8257-AE07-4A8D-AB79-44170493F9A2}</ProjectGuid>
        <ProjectVersion>19.5</ProjectVersion>
        <TargetedPlatforms>3</TargetedPlatforms>
    </PropertyGroup>
    <PropertyGroup Condition="'$(Config)'=='Base' or '$(Base)'!=''">
        <Base>true</Base>
    </PropertyGroup>
    <PropertyGroup Condition="('$(Platform)'=='Win32' and '$(Base)'=='true') or '$(Base_Win32)'!=''">
        <Base_Win32>true</Base_Win32>
        <CfgParent>Base</CfgParent>
        <Base>true</Base>
    </PropertyGroup>
    <PropertyGroup Condition="('$(Platform)'=='Win64' and '$(Base)'=='true') or '$(Base_Win64)'!=''">
        <Base_Win64>true</Base_Win64>
        <CfgParent>Base</CfgParent>
        <Base>true</Base>
    </PropertyGroup>
    <PropertyGroup Condition="'$(Config)'=='Release' or '$(Cfg_1)'!=''">
        <Cfg_1>true</Cfg_1>
        <CfgParent>Base</CfgParent>
        <Base>true</Base>
    </PropertyGroup>
    <PropertyGroup Condition="('$(Platform)'=='Win64' and '$(Cfg_1)'=='true') or '$(Cfg_1_Win64)'!=''">
        <Cfg_1_Win64>true</Cfg_1_Win64>
        <CfgParent>Cfg_1</CfgParent>
        <Cfg_1>true</Cfg_1>
        <Base>true</Base>
    </PropertyGroup>
    <PropertyGroup Condition="'$(Config)'=='Debug' or '$(Cfg_2)'!=''">
        <Cfg_2>true</Cfg_2>
        <CfgParent>Base</CfgParent>
        <Base>true</Base>
    </PropertyGroup>
    <PropertyGroup Condition="('$(Platform)'=='Win32' and '$(Cfg_2)'=='true') or '$(Cfg_2_Win32)'!=''">
        <Cfg_2_Win32>true</Cfg_2_Win32>
        <CfgParent>Cfg_2</CfgParent>
        <Cfg_2>true</Cfg_2>
        <Base>true</Base>
    </PropertyGroup>
    <PropertyGroup Condition="('$(Platform)'=='Win64' and '$(Cfg_2)'=='true') or '$(Cfg_2_Win64)'!=''">
        <Cfg_2_Win64>true</Cfg_2_Win64>
        <CfgParent>Cfg_2</CfgParent>
        <Cfg_2>true</Cfg_2>
        <Base>true</Base>
    </PropertyGroup>
    <PropertyGroup Condition="'$(Base)'!=''">
        <SanitizedProjectName>Advanced</SanitizedProjectName>
        <DCC_ImageBase>00400000</DCC_ImageBase>
        <DCC_IntegerOverflowCheck>true</DCC_IntegerOverflowCheck>
        <DCC_MinStackSize>4096</DCC_MinStackSize>
        <DCC_Namespace>Vcl;Vcl.Imaging;Vcl.Touch;Vcl.Samples;Vcl.Shell;System;Xml;Data;Datasnap;Web;Soap;Winapi;$(DCC_Namespace)</DCC_Namespace>
        <DCC_Optimize>false</DCC_Optimize>
        <DCC_RangeChecking>true</DCC_RangeChecking>
        <DCC_UnitSearchPath>..\..\Source;..\..\Common;$(DCC_UnitSearchPath)</DCC_UnitSearchPath>
        <DCC_UsePackage>C:\windows\microsoft.net\framework\v1.1.4322\system.dll;C:\windows\microsoft.net\framework\v1.1.4322\system.data.dll;C:\windows\microsoft.net\framework\v1.1.4322\system.drawing.dll;C:\windows\microsoft.net\framework\v1.1.4322\system.windows.forms.dll;C:\windows\microsoft.net\framework\v1.1.4322\system.xml.dll;vcl;rtl;$(DCC_UsePackage)</DCC_UsePackage>
        <VerInfo_Keys>FileVersion=1.0.0.0</VerInfo_Keys>
        <VerInfo_Locale>1031</VerInfo_Locale>
    </PropertyGroup>
    <PropertyGroup Condition="'$(Base_Win32)'!=''">
        <AppEnableRuntimeThemes>true</AppEnableRuntimeThemes>
        <DCC_Namespace>System.Win;Data.Win;Datasnap.Win;Web.Win;Soap.Win;Xml.Win;Bde;$(DCC_Namespace)</DCC_Namespace>
        <Manifest_File>$(BDS)\bin\default_app.manifest</Manifest_File>
        <UWP_DelphiLogo150>$(BDS)\bin\Artwork\Windows\UWP\delphi_UwpDefault_150.png</UWP_DelphiLogo150>
        <UWP_DelphiLogo44>$(BDS)\bin\Artwork\Windows\UWP\delphi_UwpDefault_44.png</UWP_DelphiLogo44>
        <VerInfo_IncludeVerInfo>true</VerInfo_IncludeVerInfo>
        <VerInfo_Keys>CompanyName=;FileVersion=1.0.0.0;InternalName=;LegalCopyright=;LegalTrademarks=;OriginalFilename=;ProductVersion=1.0.0.0;Comments=;ProgramID=com.embarcadero.$(MSBuildProjectName);FileDescription=$(MSBuildProjectName);ProductName=$(MSBuildProjectName)</VerInfo_Keys>
        <VerInfo_Locale>1033</VerInfo_Locale>
    </PropertyGroup>
    <PropertyGroup Condition="'$(Base_Win64)'!=''">
        <DCC_Namespace>System.Win;Data.Win;Datasnap.Win;Web.Win;Soap.Win;Xml.Win;$(DCC_Namespace)</DCC_Namespace>
        <BT_BuildType>Debug</BT_BuildType>
        <VerInfo_IncludeVerInfo>true</VerInfo_IncludeVerInfo>
        <VerInfo_Keys>CompanyName=;FileDescription=$(MSBuildProjectName);FileVersion=1.0.0.0;InternalName=;LegalCopyright=;LegalTrademarks=;OriginalFilename=;ProgramID=com.embarcadero.$(MSBuildProjectName);ProductName=$(MSBuildProjectName);ProductVersion=1.0.0.0;Comments=</VerInfo_Keys>
        <VerInfo_Locale>1033</VerInfo_Locale>
        <Manifest_File>$(BDS)\bin\default_app.manifest</Manifest_File>
        <AppEnableRuntimeThemes>true</AppEnableRuntimeThemes>
    </PropertyGroup>
    <PropertyGroup Condition="'$(Cfg_1)'!=''">
        <DCC_Define>RELEASE;$(DCC_Define)</DCC_Define>
        <DCC_LocalDebugSymbols>false</DCC_LocalDebugSymbols>
        <DCC_SymbolReferenceInfo>0</DCC_SymbolReferenceInfo>
    </PropertyGroup>
    <PropertyGroup Condition="'$(Cfg_1_Win64)'!=''">
        <AppEnableRuntimeThemes>true</AppEnableRuntimeThemes>
        <AppDPIAwarenessMode>PerMonitorV2</AppDPIAwarenessMode>
    </PropertyGroup>
    <PropertyGroup Condition="'$(Cfg_2)'!=''">
        <DCC_Define>DEBUG;$(DCC_Define)</DCC_Define>
        <DCC_GenerateStackFrames>true</DCC_GenerateStackFrames>
    </PropertyGroup>
    <PropertyGroup Condition="'$(Cfg_2_Win32)'!=''">
        <AppDPIAwarenessMode>PerMonitorV2</AppDPIAwarenessMode>
        <AppEnableRuntimeThemes>true</AppEnableRuntimeThemes>
        <BT_BuildType>Debug</BT_BuildType>
        <VerInfo_IncludeVerInfo>true</VerInfo_IncludeVerInfo>
        <VerInfo_Keys>CompanyName=;FileVersion=1.0.0.0;InternalName=;LegalCopyright=;LegalTrademarks=;OriginalFilename=;ProductVersion=1.0.0.0;Comments=;ProgramID=com.embarcadero.$(MSBuildProjectName);FileDescription=$(MSBuildProjectName);ProductName=$(MSBuildProjectName)</VerInfo_Keys>
        <VerInfo_Locale>1033</VerInfo_Locale>
        <DCC_MapFile>3</DCC_MapFile>
    </PropertyGroup>
    <PropertyGroup Condition="'$(Cfg_2_Win64)'!=''">
        <AppEnableRuntimeThemes>true</AppEnableRuntimeThemes>
        <AppDPIAwarenessMode>PerMonitorV2</AppDPIAwarenessMode>
    </PropertyGroup>
    <ItemGroup>
        <DelphiCompile Include="$(MainSource)">
            <MainSource>MainSource</MainSource>
        </DelphiCompile>
        <RcCompile Include="ExtraRes.rc">
            <Form>ExtraRes.res</Form>
        </RcCompile>
        <DCCReference Include="SpeedDemo.pas">
            <Form>SpeedForm</Form>
        </DCCReference>
        <DCCReference Include="DrawTreeDemo.pas">
            <Form>DrawTreeForm</Form>
        </DCCReference>
        <DCCReference Include="GeneralAbilitiesDemo.pas">
            <Form>frmGeneralAbilities</Form>
        </DCCReference>
        <DCCReference Include="PropertiesDemo.pas">
            <Form>PropertiesForm</Form>
        </DCCReference>
        <DCCReference Include="GridDemo.pas">
            <Form>GridForm</Form>
        </DCCReference>
        <DCCReference Include="Editors.pas"/>
        <DCCReference Include="VisibilityDemo.pas">
            <Form>VisibilityForm</Form>
        </DCCReference>
        <DCCReference Include="AlignDemo.pas">
            <Form>AlignForm</Form>
        </DCCReference>
        <DCCReference Include="Main.pas">
            <Form>MainForm</Form>
        </DCCReference>
        <DCCReference Include="WindowsXPStyleDemo.pas">
            <Form>WindowsXPForm</Form>
        </DCCReference>
        <DCCReference Include="MultilineDemo.pas">
            <Form>NodeForm</Form>
        </DCCReference>
        <DCCReference Include="HeaderCustomDrawDemo.pas">
            <Form>HeaderOwnerDrawForm</Form>
        </DCCReference>
        <DCCReference Include="States.pas">
            <Form>StateForm</Form>
        </DCCReference>
        <BuildConfiguration Include="Base">
            <Key>Base</Key>
        </BuildConfiguration>
        <BuildConfiguration Include="Release">
            <Key>Cfg_1</Key>
            <CfgParent>Base</CfgParent>
        </BuildConfiguration>
        <BuildConfiguration Include="Debug">
            <Key>Cfg_2</Key>
            <CfgParent>Base</CfgParent>
        </BuildConfiguration>
    </ItemGroup>
    <ProjectExtensions>
        <Borland.Personality>Delphi.Personality.12</Borland.Personality>
        <Borland.ProjectType/>
        <BorlandProject>
            <Delphi.Personality>
                <Source>
                    <Source Name="MainSource">Advanced.dpr</Source>
                </Source>
                <Excluded_Packages/>
                <VersionInfo>
                    <VersionInfo Name="IncludeVerInfo">False</VersionInfo>
                    <VersionInfo Name="AutoIncBuild">False</VersionInfo>
                    <VersionInfo Name="MajorVer">1</VersionInfo>
                    <VersionInfo Name="MinorVer">0</VersionInfo>
                    <VersionInfo Name="Release">0</VersionInfo>
                    <VersionInfo Name="Build">0</VersionInfo>
                    <VersionInfo Name="Debug">False</VersionInfo>
                    <VersionInfo Name="PreRelease">False</VersionInfo>
                    <VersionInfo Name="Special">False</VersionInfo>
                    <VersionInfo Name="Private">False</VersionInfo>
                    <VersionInfo Name="DLL">False</VersionInfo>
                    <VersionInfo Name="Locale">1031</VersionInfo>
                    <VersionInfo Name="CodePage">1252</VersionInfo>
                </VersionInfo>
                <VersionInfoKeys>
                    <VersionInfoKeys Name="FileVersion">1.0.0.0</VersionInfoKeys>
                </VersionInfoKeys>
            </Delphi.Personality>
            <Platforms>
                <Platform value="Win32">True</Platform>
                <Platform value="Win64">True</Platform>
            </Platforms>
        </BorlandProject>
        <ProjectFileVersion>12</ProjectFileVersion>
    </ProjectExtensions>
    <Import Project="$(BDS)\Bin\CodeGear.Delphi.Targets" Condition="Exists('$(BDS)\Bin\CodeGear.Delphi.Targets')"/>
    <Import Project="$(APPDATA)\Embarcadero\$(BDSAPPDATABASEDIR)\$(PRODUCTVERSION)\UserTools.proj" Condition="Exists('$(APPDATA)\Embarcadero\$(BDSAPPDATABASEDIR)\$(PRODUCTVERSION)\UserTools.proj')"/>
</Project>
